
Microsoft Visual Studio Solution File, Format Version 12.00
# Visual Studio Version 17
VisualStudioVersion = 17.11.35327.3
MinimumVisualStudioVersion = 10.0.40219.1
Project("{9A19103F-16F7-4668-BE54-9A1E7A4F7556}") = "Guest Management Tool", "Guest Management Tool\Guest Management Tool.csproj", "{F5E3121B-9EF9-48A2-B515-88955A1A16AB}"
EndProject
Global
	GlobalSection(SolutionConfigurationPlatforms) = preSolution
		Debug|Any CPU = Debug|Any CPU
		Release|Any CPU = Release|Any CPU
	EndGlobalSection
	GlobalSection(ProjectConfigurationPlatforms) = postSolution
		{F5E3121B-9EF9-48A2-B515-88955A1A16AB}.Debug|Any CPU.ActiveCfg = Debug|Any CPU
		{F5E3121B-9EF9-48A2-B515-88955A1A16AB}.Debug|Any CPU.Build.0 = Debug|Any CPU
		{F5E3121B-9EF9-48A2-B515-88955A1A16AB}.Release|Any CPU.ActiveCfg = Release|Any CPU
		{F5E3121B-9EF9-48A2-B515-88955A1A16AB}.Release|Any CPU.Build.0 = Release|Any CPU
	EndGlobalSection
	GlobalSection(SolutionProperties) = preSolution
		HideSolutionNode = FALSE
	EndGlobalSection
	GlobalSection(ExtensibilityGlobals) = postSolution
		SolutionGuid = {35F27E55-9699-4C3D-B2CE-8BBE207A8FD3}
	EndGlobalSection
EndGlobal
